
Microsoft Visual Studio Solution File, Format Version 11.00
# Visual Studio 2010
Project("{FAE04EC0-301F-11D3-BF4B-00C04F79EFBC}") = "Assembly-CSharp", "Assembly-CSharp.csproj", "{BC62FB0B-B93F-24A8-D93F-2C01868CA957}"
EndProject
Project("{FAE04EC0-301F-11D3-BF4B-00C04F79EFBC}") = "Assembly-CSharp-Editor", "Assembly-CSharp-Editor.csproj", "{68B140EA-51D1-BEB3-86B1-356E95752567}"
EndProject
Global
	GlobalSection(SolutionConfigurationPlatforms) = preSolution
		Debug|Any CPU = Debug|Any CPU
		Release|Any CPU = Release|Any CPU
	EndGlobalSection
	GlobalSection(ProjectConfigurationPlatforms) = postSolution
		{BC62FB0B-B93F-24A8-D93F-2C01868CA957}.Debug|Any CPU.ActiveCfg = Debug|Any CPU
		{BC62FB0B-B93F-24A8-D93F-2C01868CA957}.Debug|Any CPU.Build.0 = Debug|Any CPU
		{BC62FB0B-B93F-24A8-D93F-2C01868CA957}.Release|Any CPU.ActiveCfg = Release|Any CPU
		{BC62FB0B-B93F-24A8-D93F-2C01868CA957}.Release|Any CPU.Build.0 = Release|Any CPU
		{68B140EA-51D1-BEB3-86B1-356E95752567}.Debug|Any CPU.ActiveCfg = Debug|Any CPU
		{68B140EA-51D1-BEB3-86B1-356E95752567}.Debug|Any CPU.Build.0 = Debug|Any CPU
		{68B140EA-51D1-BEB3-86B1-356E95752567}.Release|Any CPU.ActiveCfg = Release|Any CPU
		{68B140EA-51D1-BEB3-86B1-356E95752567}.Release|Any CPU.Build.0 = Release|Any CPU
	EndGlobalSection
	GlobalSection(SolutionProperties) = preSolution
		HideSolutionNode = FALSE
	EndGlobalSection
EndGlobal
